
Microsoft Visual Studio Solution File, Format Version 12.00
# Visual Studio Version 17
VisualStudioVersion = 17.4.33103.184
MinimumVisualStudioVersion = 10.0.40219.1
Project("{9A19103F-16F7-4668-BE54-9A1E7A4F7556}") = "EZTree", "EZTree\EZTree.csproj", "{87652582-87C7-4E9F-AA3F-5D353F595001}"
EndProject
Project("{9A19103F-16F7-4668-BE54-9A1E7A4F7556}") = "EZTreeTest", "EZTreeTest\EZTreeTest.csproj", "{655BD4D3-E02C-448E-A0F4-77080B390299}"
EndProject
Global
	GlobalSection(SolutionConfigurationPlatforms) = preSolution
		Debug|Any CPU = Debug|Any CPU
		Debug|x64 = Debug|x64
		Debug|x86 = Debug|x86
		Release|Any CPU = Release|Any CPU
		Release|x64 = Release|x64
		Release|x86 = Release|x86
	EndGlobalSection
	GlobalSection(ProjectConfigurationPlatforms) = postSolution
		{87652582-87C7-4E9F-AA3F-5D353F595001}.Debug|Any CPU.ActiveCfg = Debug|Any CPU
		{87652582-87C7-4E9F-AA3F-5D353F595001}.Debug|Any CPU.Build.0 = Debug|Any CPU
		{87652582-87C7-4E9F-AA3F-5D353F595001}.Debug|x64.ActiveCfg = Debug|Any CPU
		{87652582-87C7-4E9F-AA3F-5D353F595001}.Debug|x64.Build.0 = Debug|Any CPU
		{87652582-87C7-4E9F-AA3F-5D353F595001}.Debug|x86.ActiveCfg = Debug|Any CPU
		{87652582-87C7-4E9F-AA3F-5D353F595001}.Debug|x86.Build.0 = Debug|Any CPU
		{87652582-87C7-4E9F-AA3F-5D353F595001}.Release|Any CPU.ActiveCfg = Release|Any CPU
		{87652582-87C7-4E9F-AA3F-5D353F595001}.Release|Any CPU.Build.0 = Release|Any CPU
		{87652582-87C7-4E9F-AA3F-5D353F595001}.Release|x64.ActiveCfg = Release|Any CPU
		{87652582-87C7-4E9F-AA3F-5D353F595001}.Release|x64.Build.0 = Release|Any CPU
		{87652582-87C7-4E9F-AA3F-5D353F595001}.Release|x86.ActiveCfg = Release|Any CPU
		{87652582-87C7-4E9F-AA3F-5D353F595001}.Release|x86.Build.0 = Release|Any CPU
		{655BD4D3-E02C-448E-A0F4-77080B390299}.Debug|Any CPU.ActiveCfg = Debug|Any CPU
		{655BD4D3-E02C-448E-A0F4-77080B390299}.Debug|Any CPU.Build.0 = Debug|Any CPU
		{655BD4D3-E02C-448E-A0F4-77080B390299}.Debug|x64.ActiveCfg = Debug|Any CPU
		{655BD4D3-E02C-448E-A0F4-77080B390299}.Debug|x64.Build.0 = Debug|Any CPU
		{655BD4D3-E02C-448E-A0F4-77080B390299}.Debug|x86.ActiveCfg = Debug|Any CPU
		{655BD4D3-E02C-448E-A0F4-77080B390299}.Debug|x86.Build.0 = Debug|Any CPU
		{655BD4D3-E02C-448E-A0F4-77080B390299}.Release|Any CPU.ActiveCfg = Release|Any CPU
		{655BD4D3-E02C-448E-A0F4-77080B390299}.Release|Any CPU.Build.0 = Release|Any CPU
		{655BD4D3-E02C-448E-A0F4-77080B390299}.Release|x64.ActiveCfg = Release|Any CPU
		{655BD4D3-E02C-448E-A0F4-77080B390299}.Release|x64.Build.0 = Release|Any CPU
		{655BD4D3-E02C-448E-A0F4-77080B390299}.Release|x86.ActiveCfg = Release|Any CPU
		{655BD4D3-E02C-448E-A0F4-77080B390299}.Release|x86.Build.0 = Release|Any CPU
	EndGlobalSection
	GlobalSection(SolutionProperties) = preSolution
		HideSolutionNode = FALSE
	EndGlobalSection
	GlobalSection(ExtensibilityGlobals) = postSolution
		SolutionGuid = {0D669B10-C5F1-4413-A03B-7D0BD8F1D817}
	EndGlobalSection
EndGlobal
